
Microsoft Visual Studio Solution File, Format Version 12.00
# Visual Studio Version 17
VisualStudioVersion = 17.2.32630.192
MinimumVisualStudioVersion = 10.0.40219.1
Project("{9A19103F-16F7-4668-BE54-9A1E7A4F7556}") = "ModbusConnection", "ModbusConnection\ModbusConnection.csproj", "{24F2CB2D-DE81-46C5-9A09-2E2EB75E59CE}"
EndProject
Project("{FAE04EC0-301F-11D3-BF4B-00C04F79EFBC}") = "ModelWcfServiceLibrary", "ModelWcfServiceLibrary\ModelWcfServiceLibrary.csproj", "{4DA5FC84-E371-4B33-98D3-CD5D5D6A34D9}"
EndProject
Project("{FAE04EC0-301F-11D3-BF4B-00C04F79EFBC}") = "ModelServiceHost", "ModelService\ModelServiceHost.csproj", "{9DF2D01C-1CCD-4467-8EC9-0BA4AB1A2138}"
EndProject
Project("{FAE04EC0-301F-11D3-BF4B-00C04F79EFBC}") = "ModelClient", "ModelClient\ModelClient.csproj", "{3E765ED1-340B-4169-B508-89B2B94A02D2}"
	ProjectSection(ProjectDependencies) = postProject
		{4DA5FC84-E371-4B33-98D3-CD5D5D6A34D9} = {4DA5FC84-E371-4B33-98D3-CD5D5D6A34D9}
	EndProjectSection
EndProject
<<<<<<< HEAD
Project("{FAE04EC0-301F-11D3-BF4B-00C04F79EFBC}") = "ServiceClientProject", "ServiceClientProject\ServiceClientProject.csproj", "{C4AB6345-C4D8-489A-B8A0-0B77849796D9}"
=======
Project("{FAE04EC0-301F-11D3-BF4B-00C04F79EFBC}") = "ModelWcfServiceLibrary.Tests", "ModelWcfServiceLibrary.Tests\ModelWcfServiceLibrary.Tests.csproj", "{49B1E6A8-E2E0-421A-902E-5C407F30C75F}"
>>>>>>> 9e27fb551f1a77e880ea5e13e8455ad8bb04d5e8
EndProject
Global
	GlobalSection(SolutionConfigurationPlatforms) = preSolution
		Debug|Any CPU = Debug|Any CPU
		Release|Any CPU = Release|Any CPU
	EndGlobalSection
	GlobalSection(ProjectConfigurationPlatforms) = postSolution
		{24F2CB2D-DE81-46C5-9A09-2E2EB75E59CE}.Debug|Any CPU.ActiveCfg = Debug|Any CPU
		{24F2CB2D-DE81-46C5-9A09-2E2EB75E59CE}.Debug|Any CPU.Build.0 = Debug|Any CPU
		{24F2CB2D-DE81-46C5-9A09-2E2EB75E59CE}.Release|Any CPU.ActiveCfg = Release|Any CPU
		{24F2CB2D-DE81-46C5-9A09-2E2EB75E59CE}.Release|Any CPU.Build.0 = Release|Any CPU
		{4DA5FC84-E371-4B33-98D3-CD5D5D6A34D9}.Debug|Any CPU.ActiveCfg = Debug|Any CPU
		{4DA5FC84-E371-4B33-98D3-CD5D5D6A34D9}.Debug|Any CPU.Build.0 = Debug|Any CPU
		{4DA5FC84-E371-4B33-98D3-CD5D5D6A34D9}.Release|Any CPU.ActiveCfg = Release|Any CPU
		{4DA5FC84-E371-4B33-98D3-CD5D5D6A34D9}.Release|Any CPU.Build.0 = Release|Any CPU
		{9DF2D01C-1CCD-4467-8EC9-0BA4AB1A2138}.Debug|Any CPU.ActiveCfg = Debug|Any CPU
		{9DF2D01C-1CCD-4467-8EC9-0BA4AB1A2138}.Debug|Any CPU.Build.0 = Debug|Any CPU
		{9DF2D01C-1CCD-4467-8EC9-0BA4AB1A2138}.Release|Any CPU.ActiveCfg = Release|Any CPU
		{9DF2D01C-1CCD-4467-8EC9-0BA4AB1A2138}.Release|Any CPU.Build.0 = Release|Any CPU
		{3E765ED1-340B-4169-B508-89B2B94A02D2}.Debug|Any CPU.ActiveCfg = Debug|Any CPU
		{3E765ED1-340B-4169-B508-89B2B94A02D2}.Debug|Any CPU.Build.0 = Debug|Any CPU
		{3E765ED1-340B-4169-B508-89B2B94A02D2}.Release|Any CPU.ActiveCfg = Release|Any CPU
		{3E765ED1-340B-4169-B508-89B2B94A02D2}.Release|Any CPU.Build.0 = Release|Any CPU
<<<<<<< HEAD
		{C4AB6345-C4D8-489A-B8A0-0B77849796D9}.Debug|Any CPU.ActiveCfg = Debug|Any CPU
		{C4AB6345-C4D8-489A-B8A0-0B77849796D9}.Debug|Any CPU.Build.0 = Debug|Any CPU
		{C4AB6345-C4D8-489A-B8A0-0B77849796D9}.Release|Any CPU.ActiveCfg = Release|Any CPU
		{C4AB6345-C4D8-489A-B8A0-0B77849796D9}.Release|Any CPU.Build.0 = Release|Any CPU
=======
		{49B1E6A8-E2E0-421A-902E-5C407F30C75F}.Debug|Any CPU.ActiveCfg = Debug|Any CPU
		{49B1E6A8-E2E0-421A-902E-5C407F30C75F}.Debug|Any CPU.Build.0 = Debug|Any CPU
		{49B1E6A8-E2E0-421A-902E-5C407F30C75F}.Release|Any CPU.ActiveCfg = Release|Any CPU
		{49B1E6A8-E2E0-421A-902E-5C407F30C75F}.Release|Any CPU.Build.0 = Release|Any CPU
>>>>>>> 9e27fb551f1a77e880ea5e13e8455ad8bb04d5e8
	EndGlobalSection
	GlobalSection(SolutionProperties) = preSolution
		HideSolutionNode = FALSE
	EndGlobalSection
	GlobalSection(ExtensibilityGlobals) = postSolution
		SolutionGuid = {04FAD949-D920-4455-847F-59A5B4BAFF56}
	EndGlobalSection
EndGlobal
