
Microsoft Visual Studio Solution File, Format Version 12.00
# Visual Studio Version 17
VisualStudioVersion = 17.2.32630.192
MinimumVisualStudioVersion = 10.0.40219.1
Project("{FAE04EC0-301F-11D3-BF4B-00C04F79EFBC}") = "ModelWcfServiceLibrary", "ModelWcfServiceLibrary\ModelWcfServiceLibrary.csproj", "{4DA5FC84-E371-4B33-98D3-CD5D5D6A34D9}"
EndProject
Project("{FAE04EC0-301F-11D3-BF4B-00C04F79EFBC}") = "ModelServiceHost", "ModelService\ModelServiceHost.csproj", "{9DF2D01C-1CCD-4467-8EC9-0BA4AB1A2138}"
EndProject
Project("{FAE04EC0-301F-11D3-BF4B-00C04F79EFBC}") = "ServiceClientProject", "ServiceClientProject\ServiceClientProject.csproj", "{C4AB6345-C4D8-489A-B8A0-0B77849796D9}"
EndProject
Project("{FAE04EC0-301F-11D3-BF4B-00C04F79EFBC}") = "ModelWcfServiceLibrary.Tests", "ModelWcfServiceLibrary.Tests\ModelWcfServiceLibrary.Tests.csproj", "{49B1E6A8-E2E0-421A-902E-5C407F30C75F}"
EndProject
Project("{FAE04EC0-301F-11D3-BF4B-00C04F79EFBC}") = "ClientWpfApp", "ClientWpfApp\ClientWpfApp.csproj", "{FA57176D-9DB3-41DF-B264-C8C0A5470654}"
EndProject
Project("{FAE04EC0-301F-11D3-BF4B-00C04F79EFBC}") = "ModbusServiceHost", "ModbusServiceHost\ModbusServiceHost.csproj", "{52420596-8BC8-4E69-9D98-F2960F0A5C02}"
EndProject
Project("{FAE04EC0-301F-11D3-BF4B-00C04F79EFBC}") = "ModbusServiceLibrary", "ModbusServiceLibrary\ModbusServiceLibrary.csproj", "{E7FDB680-6D8C-41BB-B54E-F250BF051C5E}"
EndProject
Project("{2150E333-8FDC-42A3-9474-1A3956D46DE8}") = "Modbus Service", "Modbus Service", "{BDDBB1AE-4E05-43EF-90D7-EAEA15DDD81F}"
EndProject
Project("{2150E333-8FDC-42A3-9474-1A3956D46DE8}") = "Model Service", "Model Service", "{5317A84A-DD60-4080-8FA0-50D9EF671146}"
EndProject
Project("{2150E333-8FDC-42A3-9474-1A3956D46DE8}") = "Client Application", "Client Application", "{7ABF4FA7-1C3D-4F15-93C0-0860B402030E}"
EndProject
Project("{FAE04EC0-301F-11D3-BF4B-00C04F79EFBC}") = "ModbusServiceLibrary.Tests", "ModbusServiceLibrary.Tests\ModbusServiceLibrary.Tests.csproj", "{F70022AE-FD4C-4095-ADE3-96D8C909BD77}"
EndProject
Project("{2150E333-8FDC-42A3-9474-1A3956D46DE8}") = "Scheduler Service", "Scheduler Service", "{B3FF9E4B-62DA-4B48-8B5A-E6117BA765D7}"
EndProject
Project("{FAE04EC0-301F-11D3-BF4B-00C04F79EFBC}") = "SchedulerHost", "SchedulerHost\SchedulerHost.csproj", "{036B2513-14A5-4AF2-86B3-AE3777D9673D}"
EndProject
Project("{FAE04EC0-301F-11D3-BF4B-00C04F79EFBC}") = "SchedulerLibrary", "SchedulerLibrary\SchedulerLibrary.csproj", "{AEC9FF0B-1411-4EBF-BC24-89104A7F5867}"
EndProject
Global
	GlobalSection(SolutionConfigurationPlatforms) = preSolution
		Debug|Any CPU = Debug|Any CPU
		Release|Any CPU = Release|Any CPU
	EndGlobalSection
	GlobalSection(ProjectConfigurationPlatforms) = postSolution
		{4DA5FC84-E371-4B33-98D3-CD5D5D6A34D9}.Debug|Any CPU.ActiveCfg = Debug|Any CPU
		{4DA5FC84-E371-4B33-98D3-CD5D5D6A34D9}.Debug|Any CPU.Build.0 = Debug|Any CPU
		{4DA5FC84-E371-4B33-98D3-CD5D5D6A34D9}.Release|Any CPU.ActiveCfg = Release|Any CPU
		{4DA5FC84-E371-4B33-98D3-CD5D5D6A34D9}.Release|Any CPU.Build.0 = Release|Any CPU
		{9DF2D01C-1CCD-4467-8EC9-0BA4AB1A2138}.Debug|Any CPU.ActiveCfg = Debug|Any CPU
		{9DF2D01C-1CCD-4467-8EC9-0BA4AB1A2138}.Debug|Any CPU.Build.0 = Debug|Any CPU
		{9DF2D01C-1CCD-4467-8EC9-0BA4AB1A2138}.Release|Any CPU.ActiveCfg = Release|Any CPU
		{9DF2D01C-1CCD-4467-8EC9-0BA4AB1A2138}.Release|Any CPU.Build.0 = Release|Any CPU
		{C4AB6345-C4D8-489A-B8A0-0B77849796D9}.Debug|Any CPU.ActiveCfg = Debug|Any CPU
		{C4AB6345-C4D8-489A-B8A0-0B77849796D9}.Debug|Any CPU.Build.0 = Debug|Any CPU
		{C4AB6345-C4D8-489A-B8A0-0B77849796D9}.Release|Any CPU.ActiveCfg = Release|Any CPU
		{C4AB6345-C4D8-489A-B8A0-0B77849796D9}.Release|Any CPU.Build.0 = Release|Any CPU
		{49B1E6A8-E2E0-421A-902E-5C407F30C75F}.Debug|Any CPU.ActiveCfg = Debug|Any CPU
		{49B1E6A8-E2E0-421A-902E-5C407F30C75F}.Debug|Any CPU.Build.0 = Debug|Any CPU
		{49B1E6A8-E2E0-421A-902E-5C407F30C75F}.Release|Any CPU.ActiveCfg = Release|Any CPU
		{49B1E6A8-E2E0-421A-902E-5C407F30C75F}.Release|Any CPU.Build.0 = Release|Any CPU
		{FA57176D-9DB3-41DF-B264-C8C0A5470654}.Debug|Any CPU.ActiveCfg = Debug|Any CPU
		{FA57176D-9DB3-41DF-B264-C8C0A5470654}.Debug|Any CPU.Build.0 = Debug|Any CPU
		{FA57176D-9DB3-41DF-B264-C8C0A5470654}.Release|Any CPU.ActiveCfg = Release|Any CPU
		{FA57176D-9DB3-41DF-B264-C8C0A5470654}.Release|Any CPU.Build.0 = Release|Any CPU
		{52420596-8BC8-4E69-9D98-F2960F0A5C02}.Debug|Any CPU.ActiveCfg = Debug|Any CPU
		{52420596-8BC8-4E69-9D98-F2960F0A5C02}.Debug|Any CPU.Build.0 = Debug|Any CPU
		{52420596-8BC8-4E69-9D98-F2960F0A5C02}.Release|Any CPU.ActiveCfg = Release|Any CPU
		{52420596-8BC8-4E69-9D98-F2960F0A5C02}.Release|Any CPU.Build.0 = Release|Any CPU
		{E7FDB680-6D8C-41BB-B54E-F250BF051C5E}.Debug|Any CPU.ActiveCfg = Debug|Any CPU
		{E7FDB680-6D8C-41BB-B54E-F250BF051C5E}.Debug|Any CPU.Build.0 = Debug|Any CPU
		{E7FDB680-6D8C-41BB-B54E-F250BF051C5E}.Release|Any CPU.ActiveCfg = Release|Any CPU
		{E7FDB680-6D8C-41BB-B54E-F250BF051C5E}.Release|Any CPU.Build.0 = Release|Any CPU
		{F70022AE-FD4C-4095-ADE3-96D8C909BD77}.Debug|Any CPU.ActiveCfg = Debug|Any CPU
		{F70022AE-FD4C-4095-ADE3-96D8C909BD77}.Debug|Any CPU.Build.0 = Debug|Any CPU
		{F70022AE-FD4C-4095-ADE3-96D8C909BD77}.Release|Any CPU.ActiveCfg = Release|Any CPU
		{F70022AE-FD4C-4095-ADE3-96D8C909BD77}.Release|Any CPU.Build.0 = Release|Any CPU
		{036B2513-14A5-4AF2-86B3-AE3777D9673D}.Debug|Any CPU.ActiveCfg = Debug|Any CPU
		{036B2513-14A5-4AF2-86B3-AE3777D9673D}.Debug|Any CPU.Build.0 = Debug|Any CPU
		{036B2513-14A5-4AF2-86B3-AE3777D9673D}.Release|Any CPU.ActiveCfg = Release|Any CPU
		{036B2513-14A5-4AF2-86B3-AE3777D9673D}.Release|Any CPU.Build.0 = Release|Any CPU
		{AEC9FF0B-1411-4EBF-BC24-89104A7F5867}.Debug|Any CPU.ActiveCfg = Debug|Any CPU
		{AEC9FF0B-1411-4EBF-BC24-89104A7F5867}.Debug|Any CPU.Build.0 = Debug|Any CPU
		{AEC9FF0B-1411-4EBF-BC24-89104A7F5867}.Release|Any CPU.ActiveCfg = Release|Any CPU
		{AEC9FF0B-1411-4EBF-BC24-89104A7F5867}.Release|Any CPU.Build.0 = Release|Any CPU
	EndGlobalSection
	GlobalSection(SolutionProperties) = preSolution
		HideSolutionNode = FALSE
	EndGlobalSection
	GlobalSection(NestedProjects) = preSolution
		{4DA5FC84-E371-4B33-98D3-CD5D5D6A34D9} = {5317A84A-DD60-4080-8FA0-50D9EF671146}
		{9DF2D01C-1CCD-4467-8EC9-0BA4AB1A2138} = {5317A84A-DD60-4080-8FA0-50D9EF671146}
		{49B1E6A8-E2E0-421A-902E-5C407F30C75F} = {5317A84A-DD60-4080-8FA0-50D9EF671146}
		{FA57176D-9DB3-41DF-B264-C8C0A5470654} = {7ABF4FA7-1C3D-4F15-93C0-0860B402030E}
		{52420596-8BC8-4E69-9D98-F2960F0A5C02} = {BDDBB1AE-4E05-43EF-90D7-EAEA15DDD81F}
		{E7FDB680-6D8C-41BB-B54E-F250BF051C5E} = {BDDBB1AE-4E05-43EF-90D7-EAEA15DDD81F}
		{F70022AE-FD4C-4095-ADE3-96D8C909BD77} = {BDDBB1AE-4E05-43EF-90D7-EAEA15DDD81F}
		{036B2513-14A5-4AF2-86B3-AE3777D9673D} = {B3FF9E4B-62DA-4B48-8B5A-E6117BA765D7}
		{AEC9FF0B-1411-4EBF-BC24-89104A7F5867} = {B3FF9E4B-62DA-4B48-8B5A-E6117BA765D7}
	EndGlobalSection
	GlobalSection(ExtensibilityGlobals) = postSolution
		SolutionGuid = {04FAD949-D920-4455-847F-59A5B4BAFF56}
	EndGlobalSection
EndGlobal
